# This file is automatically @generated by Cargo.
# It is not intended for manual editing.
version = 4

[[package]]
name = "jihoo-cli"
version = "0.1.0"
dependencies = [
 "jihoo-ir",
 "jihoo-sema",
 "jihoo-syntax",
 "jihoo-vm",
]

[[package]]
name = "jihoo-ir"
version = "0.1.0"

[[package]]
name = "jihoo-sema"
version = "0.1.0"
dependencies = [
 "jihoo-ir",
 "jihoo-syntax",
 "jihoo-vm",
]

[[package]]
name = "jihoo-syntax"
version = "0.1.0"

[[package]]
name = "jihoo-vm"
version = "0.1.0"
dependencies = [
 "jihoo-ir",
 "jihoo-sema",
 "jihoo-syntax",
]
